
Microsoft Visual Studio Solution File, Format Version 12.00
# Visual Studio 15
VisualStudioVersion = 15.0.26403.3
MinimumVisualStudioVersion = 10.0.40219.1
Project("{FAE04EC0-301F-11D3-BF4B-00C04F79EFBC}") = "Samples.DotNetFull.WebAPI", "Samples.DotNetFull.WebAPI\Samples.DotNetFull.WebAPI.csproj", "{9D2FD2A1-2872-462E-97CC-3A261A2782E7}"
EndProject
Project("{FAE04EC0-301F-11D3-BF4B-00C04F79EFBC}") = "Samples.DotNetFull.ViewModels", "Samples.DotNetFull.ViewModels\Samples.DotNetFull.ViewModels.csproj", "{8A8E61B0-6205-4A61-A00B-2C03C42C44E7}"
EndProject
Project("{FAE04EC0-301F-11D3-BF4B-00C04F79EFBC}") = "Samples.DotNetFull.Common", "Samples.DotNetFull.Common\Samples.DotNetFull.Common.csproj", "{EE201237-A0E8-4FD5-AAE9-2E5A524FBC3B}"
EndProject
Global
	GlobalSection(SolutionConfigurationPlatforms) = preSolution
		Debug|Any CPU = Debug|Any CPU
		Release|Any CPU = Release|Any CPU
	EndGlobalSection
	GlobalSection(ProjectConfigurationPlatforms) = postSolution
		{9D2FD2A1-2872-462E-97CC-3A261A2782E7}.Debug|Any CPU.ActiveCfg = Debug|Any CPU
		{9D2FD2A1-2872-462E-97CC-3A261A2782E7}.Debug|Any CPU.Build.0 = Debug|Any CPU
		{9D2FD2A1-2872-462E-97CC-3A261A2782E7}.Release|Any CPU.ActiveCfg = Release|Any CPU
		{9D2FD2A1-2872-462E-97CC-3A261A2782E7}.Release|Any CPU.Build.0 = Release|Any CPU
		{8A8E61B0-6205-4A61-A00B-2C03C42C44E7}.Debug|Any CPU.ActiveCfg = Debug|Any CPU
		{8A8E61B0-6205-4A61-A00B-2C03C42C44E7}.Debug|Any CPU.Build.0 = Debug|Any CPU
		{8A8E61B0-6205-4A61-A00B-2C03C42C44E7}.Release|Any CPU.ActiveCfg = Release|Any CPU
		{8A8E61B0-6205-4A61-A00B-2C03C42C44E7}.Release|Any CPU.Build.0 = Release|Any CPU
		{EE201237-A0E8-4FD5-AAE9-2E5A524FBC3B}.Debug|Any CPU.ActiveCfg = Debug|Any CPU
		{EE201237-A0E8-4FD5-AAE9-2E5A524FBC3B}.Debug|Any CPU.Build.0 = Debug|Any CPU
		{EE201237-A0E8-4FD5-AAE9-2E5A524FBC3B}.Release|Any CPU.ActiveCfg = Release|Any CPU
		{EE201237-A0E8-4FD5-AAE9-2E5A524FBC3B}.Release|Any CPU.Build.0 = Release|Any CPU
	EndGlobalSection
	GlobalSection(SolutionProperties) = preSolution
		HideSolutionNode = FALSE
	EndGlobalSection
EndGlobal
