
Microsoft Visual Studio Solution File, Format Version 12.00
# Visual Studio 15
VisualStudioVersion = 15.0.26403.0
MinimumVisualStudioVersion = 10.0.40219.1
Project("{FAE04EC0-301F-11D3-BF4B-00C04F79EFBC}") = "TypeSync", "TypeSync\TypeSync.csproj", "{CEDF3930-6C08-4FD3-85C9-3849AF12E4E8}"
EndProject
Project("{FAE04EC0-301F-11D3-BF4B-00C04F79EFBC}") = "TypeSync.Core", "TypeSync.Core\TypeSync.Core.csproj", "{E923114E-CC06-42A2-91FC-04B6E4FA426A}"
EndProject
Project("{FAE04EC0-301F-11D3-BF4B-00C04F79EFBC}") = "TypeSync.Output", "TypeSync.Output\TypeSync.Output.csproj", "{9908B917-9DC4-442D-BD33-21500A5AA522}"
EndProject
Project("{FAE04EC0-301F-11D3-BF4B-00C04F79EFBC}") = "TypeSync.Common", "TypeSync.Common\TypeSync.Common.csproj", "{26C664FD-6F30-449C-9BA3-CBB79E35CCC9}"
EndProject
Project("{FAE04EC0-301F-11D3-BF4B-00C04F79EFBC}") = "TypeSync.Models", "TypeSync.Models\TypeSync.Models.csproj", "{83251F52-6057-4D76-8689-C5221C1F169A}"
EndProject
Project("{2150E333-8FDC-42A3-9474-1A3956D46DE8}") = "Vendors", "Vendors", "{6B063FF8-4B90-44BA-8ECE-F2274A663000}"
EndProject
Project("{FAE04EC0-301F-11D3-BF4B-00C04F79EFBC}") = "DataStructures", "DataStructures\DataStructures.csproj", "{464251A0-3667-42BA-A3D5-0581D65C442B}"
EndProject
Project("{2150E333-8FDC-42A3-9474-1A3956D46DE8}") = "Tests", "Tests", "{8D483F11-CD17-4821-BEE4-83BBAE9F2564}"
EndProject
Project("{FAE04EC0-301F-11D3-BF4B-00C04F79EFBC}") = "TypeSync.Test", "TypeSync.Test\TypeSync.Test.csproj", "{D168CF6E-5DE0-469D-87B1-BDA3DF0ED148}"
EndProject
Global
	GlobalSection(SolutionConfigurationPlatforms) = preSolution
		Debug|Any CPU = Debug|Any CPU
		Debug|x86 = Debug|x86
		Release|Any CPU = Release|Any CPU
		Release|x86 = Release|x86
	EndGlobalSection
	GlobalSection(ProjectConfigurationPlatforms) = postSolution
		{CEDF3930-6C08-4FD3-85C9-3849AF12E4E8}.Debug|Any CPU.ActiveCfg = Debug|x86
		{CEDF3930-6C08-4FD3-85C9-3849AF12E4E8}.Debug|x86.ActiveCfg = Debug|x86
		{CEDF3930-6C08-4FD3-85C9-3849AF12E4E8}.Debug|x86.Build.0 = Debug|x86
		{CEDF3930-6C08-4FD3-85C9-3849AF12E4E8}.Release|Any CPU.ActiveCfg = Release|x86
		{CEDF3930-6C08-4FD3-85C9-3849AF12E4E8}.Release|x86.ActiveCfg = Release|x86
		{CEDF3930-6C08-4FD3-85C9-3849AF12E4E8}.Release|x86.Build.0 = Release|x86
		{E923114E-CC06-42A2-91FC-04B6E4FA426A}.Debug|Any CPU.ActiveCfg = Debug|Any CPU
		{E923114E-CC06-42A2-91FC-04B6E4FA426A}.Debug|Any CPU.Build.0 = Debug|Any CPU
		{E923114E-CC06-42A2-91FC-04B6E4FA426A}.Debug|x86.ActiveCfg = Debug|Any CPU
		{E923114E-CC06-42A2-91FC-04B6E4FA426A}.Debug|x86.Build.0 = Debug|Any CPU
		{E923114E-CC06-42A2-91FC-04B6E4FA426A}.Release|Any CPU.ActiveCfg = Release|Any CPU
		{E923114E-CC06-42A2-91FC-04B6E4FA426A}.Release|Any CPU.Build.0 = Release|Any CPU
		{E923114E-CC06-42A2-91FC-04B6E4FA426A}.Release|x86.ActiveCfg = Release|Any CPU
		{E923114E-CC06-42A2-91FC-04B6E4FA426A}.Release|x86.Build.0 = Release|Any CPU
		{9908B917-9DC4-442D-BD33-21500A5AA522}.Debug|Any CPU.ActiveCfg = Debug|Any CPU
		{9908B917-9DC4-442D-BD33-21500A5AA522}.Debug|Any CPU.Build.0 = Debug|Any CPU
		{9908B917-9DC4-442D-BD33-21500A5AA522}.Debug|x86.ActiveCfg = Debug|Any CPU
		{9908B917-9DC4-442D-BD33-21500A5AA522}.Debug|x86.Build.0 = Debug|Any CPU
		{9908B917-9DC4-442D-BD33-21500A5AA522}.Release|Any CPU.ActiveCfg = Release|Any CPU
		{9908B917-9DC4-442D-BD33-21500A5AA522}.Release|Any CPU.Build.0 = Release|Any CPU
		{9908B917-9DC4-442D-BD33-21500A5AA522}.Release|x86.ActiveCfg = Release|Any CPU
		{9908B917-9DC4-442D-BD33-21500A5AA522}.Release|x86.Build.0 = Release|Any CPU
		{26C664FD-6F30-449C-9BA3-CBB79E35CCC9}.Debug|Any CPU.ActiveCfg = Debug|Any CPU
		{26C664FD-6F30-449C-9BA3-CBB79E35CCC9}.Debug|Any CPU.Build.0 = Debug|Any CPU
		{26C664FD-6F30-449C-9BA3-CBB79E35CCC9}.Debug|x86.ActiveCfg = Debug|Any CPU
		{26C664FD-6F30-449C-9BA3-CBB79E35CCC9}.Debug|x86.Build.0 = Debug|Any CPU
		{26C664FD-6F30-449C-9BA3-CBB79E35CCC9}.Release|Any CPU.ActiveCfg = Release|Any CPU
		{26C664FD-6F30-449C-9BA3-CBB79E35CCC9}.Release|Any CPU.Build.0 = Release|Any CPU
		{26C664FD-6F30-449C-9BA3-CBB79E35CCC9}.Release|x86.ActiveCfg = Release|Any CPU
		{26C664FD-6F30-449C-9BA3-CBB79E35CCC9}.Release|x86.Build.0 = Release|Any CPU
		{83251F52-6057-4D76-8689-C5221C1F169A}.Debug|Any CPU.ActiveCfg = Debug|Any CPU
		{83251F52-6057-4D76-8689-C5221C1F169A}.Debug|Any CPU.Build.0 = Debug|Any CPU
		{83251F52-6057-4D76-8689-C5221C1F169A}.Debug|x86.ActiveCfg = Debug|Any CPU
		{83251F52-6057-4D76-8689-C5221C1F169A}.Debug|x86.Build.0 = Debug|Any CPU
		{83251F52-6057-4D76-8689-C5221C1F169A}.Release|Any CPU.ActiveCfg = Release|Any CPU
		{83251F52-6057-4D76-8689-C5221C1F169A}.Release|Any CPU.Build.0 = Release|Any CPU
		{83251F52-6057-4D76-8689-C5221C1F169A}.Release|x86.ActiveCfg = Release|Any CPU
		{83251F52-6057-4D76-8689-C5221C1F169A}.Release|x86.Build.0 = Release|Any CPU
		{464251A0-3667-42BA-A3D5-0581D65C442B}.Debug|Any CPU.ActiveCfg = Debug|Any CPU
		{464251A0-3667-42BA-A3D5-0581D65C442B}.Debug|Any CPU.Build.0 = Debug|Any CPU
		{464251A0-3667-42BA-A3D5-0581D65C442B}.Debug|x86.ActiveCfg = Debug|Any CPU
		{464251A0-3667-42BA-A3D5-0581D65C442B}.Debug|x86.Build.0 = Debug|Any CPU
		{464251A0-3667-42BA-A3D5-0581D65C442B}.Release|Any CPU.ActiveCfg = Release|Any CPU
		{464251A0-3667-42BA-A3D5-0581D65C442B}.Release|Any CPU.Build.0 = Release|Any CPU
		{464251A0-3667-42BA-A3D5-0581D65C442B}.Release|x86.ActiveCfg = Release|Any CPU
		{464251A0-3667-42BA-A3D5-0581D65C442B}.Release|x86.Build.0 = Release|Any CPU
		{D168CF6E-5DE0-469D-87B1-BDA3DF0ED148}.Debug|Any CPU.ActiveCfg = Debug|Any CPU
		{D168CF6E-5DE0-469D-87B1-BDA3DF0ED148}.Debug|Any CPU.Build.0 = Debug|Any CPU
		{D168CF6E-5DE0-469D-87B1-BDA3DF0ED148}.Debug|x86.ActiveCfg = Debug|Any CPU
		{D168CF6E-5DE0-469D-87B1-BDA3DF0ED148}.Debug|x86.Build.0 = Debug|Any CPU
		{D168CF6E-5DE0-469D-87B1-BDA3DF0ED148}.Release|Any CPU.ActiveCfg = Release|Any CPU
		{D168CF6E-5DE0-469D-87B1-BDA3DF0ED148}.Release|Any CPU.Build.0 = Release|Any CPU
		{D168CF6E-5DE0-469D-87B1-BDA3DF0ED148}.Release|x86.ActiveCfg = Release|Any CPU
		{D168CF6E-5DE0-469D-87B1-BDA3DF0ED148}.Release|x86.Build.0 = Release|Any CPU
	EndGlobalSection
	GlobalSection(SolutionProperties) = preSolution
		HideSolutionNode = FALSE
	EndGlobalSection
	GlobalSection(NestedProjects) = preSolution
		{464251A0-3667-42BA-A3D5-0581D65C442B} = {6B063FF8-4B90-44BA-8ECE-F2274A663000}
		{D168CF6E-5DE0-469D-87B1-BDA3DF0ED148} = {8D483F11-CD17-4821-BEE4-83BBAE9F2564}
	EndGlobalSection
EndGlobal
